
Microsoft Visual Studio Solution File, Format Version 12.00
# Visual Studio Version 17
VisualStudioVersion = 17.7.34202.233
MinimumVisualStudioVersion = 10.0.40219.1
Project("{FAE04EC0-301F-11D3-BF4B-00C04F79EFBC}") = "Practica 3-3", "Practica 3-3.csproj", "{CBC9D87C-F00F-463B-8295-811B5065F0C1}"
EndProject
Global
	GlobalSection(SolutionConfigurationPlatforms) = preSolution
		Debug|Any CPU = Debug|Any CPU
		Release|Any CPU = Release|Any CPU
	EndGlobalSection
	GlobalSection(ProjectConfigurationPlatforms) = postSolution
		{CBC9D87C-F00F-463B-8295-811B5065F0C1}.Debug|Any CPU.ActiveCfg = Debug|Any CPU
		{CBC9D87C-F00F-463B-8295-811B5065F0C1}.Debug|Any CPU.Build.0 = Debug|Any CPU
		{CBC9D87C-F00F-463B-8295-811B5065F0C1}.Release|Any CPU.ActiveCfg = Release|Any CPU
		{CBC9D87C-F00F-463B-8295-811B5065F0C1}.Release|Any CPU.Build.0 = Release|Any CPU
	EndGlobalSection
	GlobalSection(SolutionProperties) = preSolution
		HideSolutionNode = FALSE
	EndGlobalSection
	GlobalSection(ExtensibilityGlobals) = postSolution
		SolutionGuid = {1C346D51-84BA-4560-8614-25633D4910A0}
	EndGlobalSection
EndGlobal
